// !$*UTF8*$!
{
	archiveVersion = 1;
	classes = {
	};
	objectVersion = 46;
	objects = {

/* Begin PBXBuildFile section */
		2011BEB519CDDBC600DF29ED /* AppDelegate.swift in Sources */ = {isa = PBXBuildFile; fileRef = 2011BEB419CDDBC600DF29ED /* AppDelegate.swift */; };
		2011BEB719CDDBC600DF29ED /* ViewController.swift in Sources */ = {isa = PBXBuildFile; fileRef = 2011BEB619CDDBC600DF29ED /* ViewController.swift */; };
		2011BEBA19CDDBC600DF29ED /* Main.storyboard in Resources */ = {isa = PBXBuildFile; fileRef = 2011BEB819CDDBC600DF29ED /* Main.storyboard */; };
		2011BEBC19CDDBC600DF29ED /* Images.xcassets in Resources */ = {isa = PBXBuildFile; fileRef = 2011BEBB19CDDBC600DF29ED /* Images.xcassets */; };
		2011BEBF19CDDBC600DF29ED /* LaunchScreen.xib in Resources */ = {isa = PBXBuildFile; fileRef = 2011BEBD19CDDBC600DF29ED /* LaunchScreen.xib */; };
		2011BECB19CDDBC600DF29ED /* ios8_yelpTests.swift in Sources */ = {isa = PBXBuildFile; fileRef = 2011BECA19CDDBC600DF29ED /* ios8_yelpTests.swift */; };
/* End PBXBuildFile section */

/* Begin PBXContainerItemProxy section */
		2011BEC519CDDBC600DF29ED /* PBXContainerItemProxy */ = {
			isa = PBXContainerItemProxy;
			containerPortal = 2011BEA719CDDBC600DF29ED /* Project object */;
			proxyType = 1;
			remoteGlobalIDString = 2011BEAE19CDDBC600DF29ED;
			remoteInfo = ios8_yelp;
		};
/* End PBXContainerItemProxy section */

/* Begin PBXFileReference section */
		2011BEAF19CDDBC600DF29ED /* ios8_yelp.app */ = {isa = PBXFileReference; explicitFileType = wrapper.application; includeInIndex = 0; path = ios8_yelp.app; sourceTree = BUILT_PRODUCTS_DIR; };
		2011BEB319CDDBC600DF29ED /* Info.plist */ = {isa = PBXFileReference; lastKnownFileType = text.plist.xml; path = Info.plist; sourceTree = "<group>"; };
		2011BEB419CDDBC600DF29ED /* AppDelegate.swift */ = {isa = PBXFileReference; lastKnownFileType = sourcecode.swift; path = AppDelegate.swift; sourceTree = "<group>"; };
		2011BEB619CDDBC600DF29ED /* ViewController.swift */ = {isa = PBXFileReference; lastKnownFileType = sourcecode.swift; path = ViewController.swift; sourceTree = "<group>"; };
		2011BEB919CDDBC600DF29ED /* Base */ = {isa = PBXFileReference; lastKnownFileType = file.storyboard; name = Base; path = Base.lproj/Main.storyboard; sourceTree = "<group>"; };
		2011BEBB19CDDBC600DF29ED /* Images.xcassets */ = {isa = PBXFileReference; lastKnownFileType = folder.assetcatalog; path = Images.xcassets; sourceTree = "<group>"; };
		2011BEBE19CDDBC600DF29ED /* Base */ = {isa = PBXFileReference; lastKnownFileType = file.xib; name = Base; path = Base.lproj/LaunchScreen.xib; sourceTree = "<group>"; };
		2011BEC419CDDBC600DF29ED /* ios8_yelpTests.xctest */ = {isa = PBXFileReference; explicitFileType = wrapper.cfbundle; includeInIndex = 0; path = ios8_yelpTests.xctest; sourceTree = BUILT_PRODUCTS_DIR; };
		2011BEC919CDDBC600DF29ED /* Info.plist */ = {isa = PBXFileReference; lastKnownFileType = text.plist.xml; path = Info.plist; sourceTree = "<group>"; };
		2011BECA19CDDBC600DF29ED /* ios8_yelpTests.swift */ = {isa = PBXFileReference; lastKnownFileType = sourcecode.swift; path = ios8_yelpTests.swift; sourceTree = "<group>"; };
/* End PBXFileReference section */

/* Begin PBXFrameworksBuildPhase section */
		2011BEAC19CDDBC600DF29ED /* Frameworks */ = {
			isa = PBXFrameworksBuildPhase;
			buildActionMask = 2147483647;
			files = (
			);
			runOnlyForDeploymentPostprocessing = 0;
		};
		2011BEC119CDDBC600DF29ED /* Frameworks */ = {
			isa = PBXFrameworksBuildPhase;
			buildActionMask = 2147483647;
			files = (
			);
			runOnlyForDeploymentPostprocessing = 0;
		};
/* End PBXFrameworksBuildPhase section */

/* Begin PBXGroup section */
		2011BEA619CDDBC600DF29ED = {
			isa = PBXGroup;
			children = (
				2011BEB119CDDBC600DF29ED /* ios8_yelp */,
				2011BEC719CDDBC600DF29ED /* ios8_yelpTests */,
				2011BEB019CDDBC600DF29ED /* Products */,
			);
			sourceTree = "<group>";
		};
		2011BEB019CDDBC600DF29ED /* Products */ = {
			isa = PBXGroup;
			children = (
				2011BEAF19CDDBC600DF29ED /* ios8_yelp.app */,
				2011BEC419CDDBC600DF29ED /* ios8_yelpTests.xctest */,
			);
			name = Products;
			sourceTree = "<group>";
		};
		2011BEB119CDDBC600DF29ED /* ios8_yelp */ = {
			isa = PBXGroup;
			children = (
				2011BEB419CDDBC600DF29ED /* AppDelegate.swift */,
				2011BEB619CDDBC600DF29ED /* ViewController.swift */,
				2011BEB819CDDBC600DF29ED /* Main.storyboard */,
				2011BEBB19CDDBC600DF29ED /* Images.xcassets */,
				2011BEBD19CDDBC600DF29ED /* LaunchScreen.xib */,
				2011BEB219CDDBC600DF29ED /* Supporting Files */,
			);
			path = ios8_yelp;
			sourceTree = "<group>";
		};
		2011BEB219CDDBC600DF29ED /* Supporting Files */ = {
			isa = PBXGroup;
			children = (
				2011BEB319CDDBC600DF29ED /* Info.plist */,
			);
			name = "Supporting Files";
			sourceTree = "<group>";
		};
		2011BEC719CDDBC600DF29ED /* ios8_yelpTests */ = {
			isa = PBXGroup;
			children = (
				2011BECA19CDDBC600DF29ED /* ios8_yelpTests.swift */,
				2011BEC819CDDBC600DF29ED /* Supporting Files */,
			);
			path = ios8_yelpTests;
			sourceTree = "<group>";
		};
		2011BEC819CDDBC600DF29ED /* Supporting Files */ = {
			isa = PBXGroup;
			children = (
				2011BEC919CDDBC600DF29ED /* Info.plist */,
			);
			name = "Supporting Files";
			sourceTree = "<group>";
		};
/* End PBXGroup section */

/* Begin PBXNativeTarget section */
		2011BEAE19CDDBC600DF29ED /* ios8_yelp */ = {
			isa = PBXNativeTarget;
			buildConfigurationList = 2011BECE19CDDBC600DF29ED /* Build configuration list for PBXNativeTarget "ios8_yelp" */;
			buildPhases = (
				2011BEAB19CDDBC600DF29ED /* Sources */,
				2011BEAC19CDDBC600DF29ED /* Frameworks */,
				2011BEAD19CDDBC600DF29ED /* Resources */,
			);
			buildRules = (
			);
			dependencies = (
			);
			name = ios8_yelp;
			productName = ios8_yelp;
			productReference = 2011BEAF19CDDBC600DF29ED /* ios8_yelp.app */;
			productType = "com.apple.product-type.application";
		};
		2011BEC319CDDBC600DF29ED /* ios8_yelpTests */ = {
			isa = PBXNativeTarget;
			buildConfigurationList = 2011BED119CDDBC600DF29ED /* Build configuration list for PBXNativeTarget "ios8_yelpTests" */;
			buildPhases = (
				2011BEC019CDDBC600DF29ED /* Sources */,
				2011BEC119CDDBC600DF29ED /* Frameworks */,
				2011BEC219CDDBC600DF29ED /* Resources */,
			);
			buildRules = (
			);
			dependencies = (
				2011BEC619CDDBC600DF29ED /* PBXTargetDependency */,
			);
			name = ios8_yelpTests;
			productName = ios8_yelpTests;
			productReference = 2011BEC419CDDBC600DF29ED /* ios8_yelpTests.xctest */;
			productType = "com.apple.product-type.bundle.unit-test";
		};
/* End PBXNativeTarget section */

/* Begin PBXProject section */
		2011BEA719CDDBC600DF29ED /* Project object */ = {
			isa = PBXProject;
			attributes = {
				LastUpgradeCheck = 0600;
				ORGANIZATIONNAME = "Stanley Ng";
				TargetAttributes = {
					2011BEAE19CDDBC600DF29ED = {
						CreatedOnToolsVersion = 6.0;
					};
					2011BEC319CDDBC600DF29ED = {
						CreatedOnToolsVersion = 6.0;
						TestTargetID = 2011BEAE19CDDBC600DF29ED;
					};
				};
			};
			buildConfigurationList = 2011BEAA19CDDBC600DF29ED /* Build configuration list for PBXProject "ios8_yelp" */;
			compatibilityVersion = "Xcode 3.2";
			developmentRegion = English;
			hasScannedForEncodings = 0;
			knownRegions = (
				en,
				Base,
			);
			mainGroup = 2011BEA619CDDBC600DF29ED;
			productRefGroup = 2011BEB019CDDBC600DF29ED /* Products */;
			projectDirPath = "";
			projectRoot = "";
			targets = (
				2011BEAE19CDDBC600DF29ED /* ios8_yelp */,
				2011BEC319CDDBC600DF29ED /* ios8_yelpTests */,
			);
		};
/* End PBXProject section */

/* Begin PBXResourcesBuildPhase section */
		2011BEAD19CDDBC600DF29ED /* Resources */ = {
			isa = PBXResourcesBuildPhase;
			buildActionMask = 2147483647;
			files = (
				2011BEBA19CDDBC600DF29ED /* Main.storyboard in Resources */,
				2011BEBF19CDDBC600DF29ED /* LaunchScreen.xib in Resources */,
				2011BEBC19CDDBC600DF29ED /* Images.xcassets in Resources */,
			);
			runOnlyForDeploymentPostprocessing = 0;
		};
		2011BEC219CDDBC600DF29ED /* Resources */ = {
			isa = PBXResourcesBuildPhase;
			buildActionMask = 2147483647;
			files = (
			);
			runOnlyForDeploymentPostprocessing = 0;
		};
/* End PBXResourcesBuildPhase section */

/* Begin PBXSourcesBuildPhase section */
		2011BEAB19CDDBC600DF29ED /* Sources */ = {
			isa = PBXSourcesBuildPhase;
			buildActionMask = 2147483647;
			files = (
				2011BEB719CDDBC600DF29ED /* ViewController.swift in Sources */,
				2011BEB519CDDBC600DF29ED /* AppDelegate.swift in Sources */,
			);
			runOnlyForDeploymentPostprocessing = 0;
		};
		2011BEC019CDDBC600DF29ED /* Sources */ = {
			isa = PBXSourcesBuildPhase;
			buildActionMask = 2147483647;
			files = (
				2011BECB19CDDBC600DF29ED /* ios8_yelpTests.swift in Sources */,
			);
			runOnlyForDeploymentPostprocessing = 0;
		};
/* End PBXSourcesBuildPhase section */

/* Begin PBXTargetDependency section */
		2011BEC619CDDBC600DF29ED /* PBXTargetDependency */ = {
			isa = PBXTargetDependency;
			target = 2011BEAE19CDDBC600DF29ED /* ios8_yelp */;
			targetProxy = 2011BEC519CDDBC600DF29ED /* PBXContainerItemProxy */;
		};
/* End PBXTargetDependency section */

/* Begin PBXVariantGroup section */
		2011BEB819CDDBC600DF29ED /* Main.storyboard */ = {
			isa = PBXVariantGroup;
			children = (
				2011BEB919CDDBC600DF29ED /* Base */,
			);
			name = Main.storyboard;
			sourceTree = "<group>";
		};
		2011BEBD19CDDBC600DF29ED /* LaunchScreen.xib */ = {
			isa = PBXVariantGroup;
			children = (
				2011BEBE19CDDBC600DF29ED /* Base */,
			);
			name = LaunchScreen.xib;
			sourceTree = "<group>";
		};
/* End PBXVariantGroup section */

/* Begin XCBuildConfiguration section */
		2011BECC19CDDBC600DF29ED /* Debug */ = {
			isa = XCBuildConfiguration;
			buildSettings = {
				ALWAYS_SEARCH_USER_PATHS = NO;
				CLANG_CXX_LANGUAGE_STANDARD = "gnu++0x";
				CLANG_CXX_LIBRARY = "libc++";
				CLANG_ENABLE_MODULES = YES;
				CLANG_ENABLE_OBJC_ARC = YES;
				CLANG_WARN_BOOL_CONVERSION = YES;
				CLANG_WARN_CONSTANT_CONVERSION = YES;
				CLANG_WARN_DIRECT_OBJC_ISA_USAGE = YES_ERROR;
				CLANG_WARN_EMPTY_BODY = YES;
				CLANG_WARN_ENUM_CONVERSION = YES;
				CLANG_WARN_INT_CONVERSION = YES;
				CLANG_WARN_OBJC_ROOT_CLASS = YES_ERROR;
				CLANG_WARN_UNREACHABLE_CODE = YES;
				CLANG_WARN__DUPLICATE_METHOD_MATCH = YES;
				"CODE_SIGN_IDENTITY[sdk=iphoneos*]" = "iPhone Developer";
				COPY_PHASE_STRIP = NO;
				ENABLE_STRICT_OBJC_MSGSEND = YES;
				GCC_C_LANGUAGE_STANDARD = gnu99;
				GCC_DYNAMIC_NO_PIC = NO;
				GCC_OPTIMIZATION_LEVEL = 0;
				GCC_PREPROCESSOR_DEFINITIONS = (
					"DEBUG=1",
					"$(inherited)",
				);
				GCC_SYMBOLS_PRIVATE_EXTERN = NO;
				GCC_WARN_64_TO_32_BIT_CONVERSION = YES;
				GCC_WARN_ABOUT_RETURN_TYPE = YES_ERROR;
				GCC_WARN_UNDECLARED_SELECTOR = YES;
				GCC_WARN_UNINITIALIZED_AUTOS = YES_AGGRESSIVE;
				GCC_WARN_UNUSED_FUNCTION = YES;
				GCC_WARN_UNUSED_VARIABLE = YES;
				IPHONEOS_DEPLOYMENT_TARGET = 8.0;
				MTL_ENABLE_DEBUG_INFO = YES;
				ONLY_ACTIVE_ARCH = YES;
				SDKROOT = iphoneos;
				SWIFT_OPTIMIZATION_LEVEL = "-Onone";
			};
			name = Debug;
		};
		2011BECD19CDDBC600DF29ED /* Release */ = {
			isa = XCBuildConfiguration;
			buildSettings = {
				ALWAYS_SEARCH_USER_PATHS = NO;
				CLANG_CXX_LANGUAGE_STANDARD = "gnu++0x";
				CLANG_CXX_LIBRARY = "libc++";
				CLANG_ENABLE_MODULES = YES;
				CLANG_ENABLE_OBJC_ARC = YES;
				CLANG_WARN_BOOL_CONVERSION = YES;
				CLANG_WARN_CONSTANT_CONVERSION = YES;
				CLANG_WARN_DIRECT_OBJC_ISA_USAGE = YES_ERROR;
				CLANG_WARN_EMPTY_BODY = YES;
				CLANG_WARN_ENUM_CONVERSION = YES;
				CLANG_WARN_INT_CONVERSION = YES;
				CLANG_WARN_OBJC_ROOT_CLASS = YES_ERROR;
				CLANG_WARN_UNREACHABLE_CODE = YES;
				CLANG_WARN__DUPLICATE_METHOD_MATCH = YES;
				"CODE_SIGN_IDENTITY[sdk=iphoneos*]" = "iPhone Developer";
				COPY_PHASE_STRIP = YES;
				ENABLE_NS_ASSERTIONS = NO;
				ENABLE_STRICT_OBJC_MSGSEND = YES;
				GCC_C_LANGUAGE_STANDARD = gnu99;
				GCC_WARN_64_TO_32_BIT_CONVERSION = YES;
				GCC_WARN_ABOUT_RETURN_TYPE = YES_ERROR;
				GCC_WARN_UNDECLARED_SELECTOR = YES;
				GCC_WARN_UNINITIALIZED_AUTOS = YES_AGGRESSIVE;
				GCC_WARN_UNUSED_FUNCTION = YES;
				GCC_WARN_UNUSED_VARIABLE = YES;
				IPHONEOS_DEPLOYMENT_TARGET = 8.0;
				MTL_ENABLE_DEBUG_INFO = NO;
				SDKROOT = iphoneos;
				VALIDATE_PRODUCT = YES;
			};
			name = Release;
		};
		2011BECF19CDDBC600DF29ED /* Debug */ = {
			isa = XCBuildConfiguration;
			buildSettings = {
				ASSETCATALOG_COMPILER_APPICON_NAME = AppIcon;
				INFOPLIST_FILE = ios8_yelp/Info.plist;
				LD_RUNPATH_SEARCH_PATHS = "$(inherited) @executable_path/Frameworks";
				PRODUCT_NAME = "$(TARGET_NAME)";
			};
			name = Debug;
		};
		2011BED019CDDBC600DF29ED /* Release */ = {
			isa = XCBuildConfiguration;
			buildSettings = {
				ASSETCATALOG_COMPILER_APPICON_NAME = AppIcon;
				INFOPLIST_FILE = ios8_yelp/Info.plist;
				LD_RUNPATH_SEARCH_PATHS = "$(inherited) @executable_path/Frameworks";
				PRODUCT_NAME = "$(TARGET_NAME)";
			};
			name = Release;
		};
		2011BED219CDDBC600DF29ED /* Debug */ = {
			isa = XCBuildConfiguration;
			buildSettings = {
				BUNDLE_LOADER = "$(TEST_HOST)";
				FRAMEWORK_SEARCH_PATHS = (
					"$(SDKROOT)/Developer/Library/Frameworks",
					"$(inherited)",
				);
				GCC_PREPROCESSOR_DEFINITIONS = (
					"DEBUG=1",
					"$(inherited)",
				);
				INFOPLIST_FILE = ios8_yelpTests/Info.plist;
				LD_RUNPATH_SEARCH_PATHS = "$(inherited) @executable_path/Frameworks @loader_path/Frameworks";
				PRODUCT_NAME = "$(TARGET_NAME)";
				TEST_HOST = "$(BUILT_PRODUCTS_DIR)/ios8_yelp.app/ios8_yelp";
			};
			name = Debug;
		};
		2011BED319CDDBC600DF29ED /* Release */ = {
			isa = XCBuildConfiguration;
			buildSettings = {
				BUNDLE_LOADER = "$(TEST_HOST)";
				FRAMEWORK_SEARCH_PATHS = (
					"$(SDKROOT)/Developer/Library/Frameworks",
					"$(inherited)",
				);
				INFOPLIST_FILE = ios8_yelpTests/Info.plist;
				LD_RUNPATH_SEARCH_PATHS = "$(inherited) @executable_path/Frameworks @loader_path/Frameworks";
				PRODUCT_NAME = "$(TARGET_NAME)";
				TEST_HOST = "$(BUILT_PRODUCTS_DIR)/ios8_yelp.app/ios8_yelp";
			};
			name = Release;
		};
/* End XCBuildConfiguration section */

/* Begin XCConfigurationList section */
		2011BEAA19CDDBC600DF29ED /* Build configuration list for PBXProject "ios8_yelp" */ = {
			isa = XCConfigurationList;
			buildConfigurations = (
				2011BECC19CDDBC600DF29ED /* Debug */,
				2011BECD19CDDBC600DF29ED /* Release */,
			);
			defaultConfigurationIsVisible = 0;
			defaultConfigurationName = Release;
		};
		2011BECE19CDDBC600DF29ED /* Build configuration list for PBXNativeTarget "ios8_yelp" */ = {
			isa = XCConfigurationList;
			buildConfigurations = (
				2011BECF19CDDBC600DF29ED /* Debug */,
				2011BED019CDDBC600DF29ED /* Release */,
			);
			defaultConfigurationIsVisible = 0;
		};
		2011BED119CDDBC600DF29ED /* Build configuration list for PBXNativeTarget "ios8_yelpTests" */ = {
			isa = XCConfigurationList;
			buildConfigurations = (
				2011BED219CDDBC600DF29ED /* Debug */,
				2011BED319CDDBC600DF29ED /* Release */,
			);
			defaultConfigurationIsVisible = 0;
		};
/* End XCConfigurationList section */
	};
	rootObject = 2011BEA719CDDBC600DF29ED /* Project object */;
}
